
Microsoft Visual Studio Solution File, Format Version 12.00
# Visual Studio Version 17
VisualStudioVersion = 17.0.31903.59
MinimumVisualStudioVersion = 10.0.40219.1
Project("{9A19103F-16F7-4668-BE54-9A1E7A4F7556}") = "Api", "Api\Api.csproj", "{F697B32F-DA94-43C3-8296-2CDF54FD1B1C}"
EndProject
Project("{9A19103F-16F7-4668-BE54-9A1E7A4F7556}") = "App.Core", "App.Core\App.Core.csproj", "{711332EF-68D3-4C9F-91FA-7B76DAEEA149}"
EndProject
Project("{9A19103F-16F7-4668-BE54-9A1E7A4F7556}") = "App.Logic", "App.Logic\App.Logic.csproj", "{8317BE51-5B01-4868-AFAB-F1065A646F50}"
EndProject
Project("{9A19103F-16F7-4668-BE54-9A1E7A4F7556}") = "App.Infrastructure", "App.Infrastructure\App.Infrastructure.csproj", "{726522A2-371A-458A-B7BE-896D0FA64B1A}"
EndProject
Project("{9A19103F-16F7-4668-BE54-9A1E7A4F7556}") = "UnitTests", "UnitTests\UnitTests.csproj", "{A0A5B24E-8EA3-4726-8BEE-47E47785D35E}"
EndProject
Project("{9A19103F-16F7-4668-BE54-9A1E7A4F7556}") = "App.Domain", "App.Domain\App.Domain.csproj", "{C8390C8D-883B-4D0C-AFA7-9C06FB1B7F00}"
EndProject
Project("{9A19103F-16F7-4668-BE54-9A1E7A4F7556}") = "Api.Grpc", "Api.Grpc\Api.Grpc.csproj", "{232C03D7-0584-4C4F-87B2-957E4E9384B4}"
EndProject
Global
	GlobalSection(SolutionConfigurationPlatforms) = preSolution
		Debug|Any CPU = Debug|Any CPU
		Release|Any CPU = Release|Any CPU
	EndGlobalSection
	GlobalSection(SolutionProperties) = preSolution
		HideSolutionNode = FALSE
	EndGlobalSection
	GlobalSection(ProjectConfigurationPlatforms) = postSolution
		{F697B32F-DA94-43C3-8296-2CDF54FD1B1C}.Debug|Any CPU.ActiveCfg = Debug|Any CPU
		{F697B32F-DA94-43C3-8296-2CDF54FD1B1C}.Debug|Any CPU.Build.0 = Debug|Any CPU
		{F697B32F-DA94-43C3-8296-2CDF54FD1B1C}.Release|Any CPU.ActiveCfg = Release|Any CPU
		{F697B32F-DA94-43C3-8296-2CDF54FD1B1C}.Release|Any CPU.Build.0 = Release|Any CPU
		{711332EF-68D3-4C9F-91FA-7B76DAEEA149}.Debug|Any CPU.ActiveCfg = Debug|Any CPU
		{711332EF-68D3-4C9F-91FA-7B76DAEEA149}.Debug|Any CPU.Build.0 = Debug|Any CPU
		{711332EF-68D3-4C9F-91FA-7B76DAEEA149}.Release|Any CPU.ActiveCfg = Release|Any CPU
		{711332EF-68D3-4C9F-91FA-7B76DAEEA149}.Release|Any CPU.Build.0 = Release|Any CPU
		{8317BE51-5B01-4868-AFAB-F1065A646F50}.Debug|Any CPU.ActiveCfg = Debug|Any CPU
		{8317BE51-5B01-4868-AFAB-F1065A646F50}.Debug|Any CPU.Build.0 = Debug|Any CPU
		{8317BE51-5B01-4868-AFAB-F1065A646F50}.Release|Any CPU.ActiveCfg = Release|Any CPU
		{8317BE51-5B01-4868-AFAB-F1065A646F50}.Release|Any CPU.Build.0 = Release|Any CPU
		{726522A2-371A-458A-B7BE-896D0FA64B1A}.Debug|Any CPU.ActiveCfg = Debug|Any CPU
		{726522A2-371A-458A-B7BE-896D0FA64B1A}.Debug|Any CPU.Build.0 = Debug|Any CPU
		{726522A2-371A-458A-B7BE-896D0FA64B1A}.Release|Any CPU.ActiveCfg = Release|Any CPU
		{726522A2-371A-458A-B7BE-896D0FA64B1A}.Release|Any CPU.Build.0 = Release|Any CPU
		{A0A5B24E-8EA3-4726-8BEE-47E47785D35E}.Debug|Any CPU.ActiveCfg = Debug|Any CPU
		{A0A5B24E-8EA3-4726-8BEE-47E47785D35E}.Debug|Any CPU.Build.0 = Debug|Any CPU
		{A0A5B24E-8EA3-4726-8BEE-47E47785D35E}.Release|Any CPU.ActiveCfg = Release|Any CPU
		{A0A5B24E-8EA3-4726-8BEE-47E47785D35E}.Release|Any CPU.Build.0 = Release|Any CPU
		{C8390C8D-883B-4D0C-AFA7-9C06FB1B7F00}.Debug|Any CPU.ActiveCfg = Debug|Any CPU
		{C8390C8D-883B-4D0C-AFA7-9C06FB1B7F00}.Debug|Any CPU.Build.0 = Debug|Any CPU
		{C8390C8D-883B-4D0C-AFA7-9C06FB1B7F00}.Release|Any CPU.ActiveCfg = Release|Any CPU
		{C8390C8D-883B-4D0C-AFA7-9C06FB1B7F00}.Release|Any CPU.Build.0 = Release|Any CPU
		{232C03D7-0584-4C4F-87B2-957E4E9384B4}.Debug|Any CPU.ActiveCfg = Debug|Any CPU
		{232C03D7-0584-4C4F-87B2-957E4E9384B4}.Debug|Any CPU.Build.0 = Debug|Any CPU
		{232C03D7-0584-4C4F-87B2-957E4E9384B4}.Release|Any CPU.ActiveCfg = Release|Any CPU
		{232C03D7-0584-4C4F-87B2-957E4E9384B4}.Release|Any CPU.Build.0 = Release|Any CPU
	EndGlobalSection
EndGlobal
